// !$*UTF8*$!
{
	archiveVersion = 1;
	classes = {
	};
	objectVersion = 46;
	objects = {

/* Begin PBXBuildFile section */
		C35C57AC1B41C8C1003AA45B /* AppDelegate.swift in Sources */ = {isa = PBXBuildFile; fileRef = C35C57AB1B41C8C1003AA45B /* AppDelegate.swift */; };
		C35C57AE1B41C8C1003AA45B /* ViewController.swift in Sources */ = {isa = PBXBuildFile; fileRef = C35C57AD1B41C8C1003AA45B /* ViewController.swift */; };
		C35C57B11B41C8C1003AA45B /* Main.storyboard in Resources */ = {isa = PBXBuildFile; fileRef = C35C57AF1B41C8C1003AA45B /* Main.storyboard */; };
		C35C57B31B41C8C1003AA45B /* Images.xcassets in Resources */ = {isa = PBXBuildFile; fileRef = C35C57B21B41C8C1003AA45B /* Images.xcassets */; };
		C35C57B61B41C8C1003AA45B /* LaunchScreen.xib in Resources */ = {isa = PBXBuildFile; fileRef = C35C57B41B41C8C1003AA45B /* LaunchScreen.xib */; };
		C35C57C21B41C8C1003AA45B /* pjTests.swift in Sources */ = {isa = PBXBuildFile; fileRef = C35C57C11B41C8C1003AA45B /* pjTests.swift */; };
		C35C57D21B41E736003AA45B /* NotificationCenter.framework in Frameworks */ = {isa = PBXBuildFile; fileRef = C35C57D11B41E736003AA45B /* NotificationCenter.framework */; };
		C35C57D71B41E736003AA45B /* TodayViewController.swift in Sources */ = {isa = PBXBuildFile; fileRef = C35C57D61B41E736003AA45B /* TodayViewController.swift */; };
		C35C57D91B41E736003AA45B /* MainInterface.storyboard in Resources */ = {isa = PBXBuildFile; fileRef = C35C57D81B41E736003AA45B /* MainInterface.storyboard */; };
		C35C57DC1B41E736003AA45B /* lap widget.appex in Embed App Extensions */ = {isa = PBXBuildFile; fileRef = C35C57CF1B41E736003AA45B /* lap widget.appex */; settings = {ATTRIBUTES = (RemoveHeadersOnCopy, ); }; };
/* End PBXBuildFile section */

/* Begin PBXContainerItemProxy section */
		C35C57BC1B41C8C1003AA45B /* PBXContainerItemProxy */ = {
			isa = PBXContainerItemProxy;
			containerPortal = C35C579E1B41C8C1003AA45B /* Project object */;
			proxyType = 1;
			remoteGlobalIDString = C35C57A51B41C8C1003AA45B;
			remoteInfo = pj;
		};
		C35C57DA1B41E736003AA45B /* PBXContainerItemProxy */ = {
			isa = PBXContainerItemProxy;
			containerPortal = C35C579E1B41C8C1003AA45B /* Project object */;
			proxyType = 1;
			remoteGlobalIDString = C35C57CE1B41E736003AA45B;
			remoteInfo = "lap widget";
		};
/* End PBXContainerItemProxy section */

/* Begin PBXCopyFilesBuildPhase section */
		C35C57E01B41E736003AA45B /* Embed App Extensions */ = {
			isa = PBXCopyFilesBuildPhase;
			buildActionMask = 2147483647;
			dstPath = "";
			dstSubfolderSpec = 13;
			files = (
				C35C57DC1B41E736003AA45B /* lap widget.appex in Embed App Extensions */,
			);
			name = "Embed App Extensions";
			runOnlyForDeploymentPostprocessing = 0;
		};
/* End PBXCopyFilesBuildPhase section */

/* Begin PBXFileReference section */
		C35C57A61B41C8C1003AA45B /* pj.app */ = {isa = PBXFileReference; explicitFileType = wrapper.application; includeInIndex = 0; path = pj.app; sourceTree = BUILT_PRODUCTS_DIR; };
		C35C57AA1B41C8C1003AA45B /* Info.plist */ = {isa = PBXFileReference; lastKnownFileType = text.plist.xml; path = Info.plist; sourceTree = "<group>"; };
		C35C57AB1B41C8C1003AA45B /* AppDelegate.swift */ = {isa = PBXFileReference; lastKnownFileType = sourcecode.swift; path = AppDelegate.swift; sourceTree = "<group>"; };
		C35C57AD1B41C8C1003AA45B /* ViewController.swift */ = {isa = PBXFileReference; lastKnownFileType = sourcecode.swift; path = ViewController.swift; sourceTree = "<group>"; };
		C35C57B01B41C8C1003AA45B /* Base */ = {isa = PBXFileReference; lastKnownFileType = file.storyboard; name = Base; path = Base.lproj/Main.storyboard; sourceTree = "<group>"; };
		C35C57B21B41C8C1003AA45B /* Images.xcassets */ = {isa = PBXFileReference; lastKnownFileType = folder.assetcatalog; path = Images.xcassets; sourceTree = "<group>"; };
		C35C57B51B41C8C1003AA45B /* Base */ = {isa = PBXFileReference; lastKnownFileType = file.xib; name = Base; path = Base.lproj/LaunchScreen.xib; sourceTree = "<group>"; };
		C35C57BB1B41C8C1003AA45B /* pjTests.xctest */ = {isa = PBXFileReference; explicitFileType = wrapper.cfbundle; includeInIndex = 0; path = pjTests.xctest; sourceTree = BUILT_PRODUCTS_DIR; };
		C35C57C01B41C8C1003AA45B /* Info.plist */ = {isa = PBXFileReference; lastKnownFileType = text.plist.xml; path = Info.plist; sourceTree = "<group>"; };
		C35C57C11B41C8C1003AA45B /* pjTests.swift */ = {isa = PBXFileReference; lastKnownFileType = sourcecode.swift; path = pjTests.swift; sourceTree = "<group>"; };
		C35C57CF1B41E736003AA45B /* lap widget.appex */ = {isa = PBXFileReference; explicitFileType = "wrapper.app-extension"; includeInIndex = 0; path = "lap widget.appex"; sourceTree = BUILT_PRODUCTS_DIR; };
		C35C57D11B41E736003AA45B /* NotificationCenter.framework */ = {isa = PBXFileReference; lastKnownFileType = wrapper.framework; name = NotificationCenter.framework; path = System/Library/Frameworks/NotificationCenter.framework; sourceTree = SDKROOT; };
		C35C57D51B41E736003AA45B /* Info.plist */ = {isa = PBXFileReference; lastKnownFileType = text.plist.xml; path = Info.plist; sourceTree = "<group>"; };
		C35C57D61B41E736003AA45B /* TodayViewController.swift */ = {isa = PBXFileReference; lastKnownFileType = sourcecode.swift; path = TodayViewController.swift; sourceTree = "<group>"; };
		C35C57D81B41E736003AA45B /* MainInterface.storyboard */ = {isa = PBXFileReference; lastKnownFileType = file.storyboard; path = MainInterface.storyboard; sourceTree = "<group>"; };
/* End PBXFileReference section */

/* Begin PBXFrameworksBuildPhase section */
		C35C57A31B41C8C1003AA45B /* Frameworks */ = {
			isa = PBXFrameworksBuildPhase;
			buildActionMask = 2147483647;
			files = (
			);
			runOnlyForDeploymentPostprocessing = 0;
		};
		C35C57B81B41C8C1003AA45B /* Frameworks */ = {
			isa = PBXFrameworksBuildPhase;
			buildActionMask = 2147483647;
			files = (
			);
			runOnlyForDeploymentPostprocessing = 0;
		};
		C35C57CC1B41E736003AA45B /* Frameworks */ = {
			isa = PBXFrameworksBuildPhase;
			buildActionMask = 2147483647;
			files = (
				C35C57D21B41E736003AA45B /* NotificationCenter.framework in Frameworks */,
			);
			runOnlyForDeploymentPostprocessing = 0;
		};
/* End PBXFrameworksBuildPhase section */

/* Begin PBXGroup section */
		C35C579D1B41C8C1003AA45B = {
			isa = PBXGroup;
			children = (
				C35C57A81B41C8C1003AA45B /* pj */,
				C35C57BE1B41C8C1003AA45B /* pjTests */,
				C35C57D31B41E736003AA45B /* lap widget */,
				C35C57D01B41E736003AA45B /* Frameworks */,
				C35C57A71B41C8C1003AA45B /* Products */,
			);
			sourceTree = "<group>";
		};
		C35C57A71B41C8C1003AA45B /* Products */ = {
			isa = PBXGroup;
			children = (
				C35C57A61B41C8C1003AA45B /* pj.app */,
				C35C57BB1B41C8C1003AA45B /* pjTests.xctest */,
				C35C57CF1B41E736003AA45B /* lap widget.appex */,
			);
			name = Products;
			sourceTree = "<group>";
		};
		C35C57A81B41C8C1003AA45B /* pj */ = {
			isa = PBXGroup;
			children = (
				C35C57AB1B41C8C1003AA45B /* AppDelegate.swift */,
				C35C57AD1B41C8C1003AA45B /* ViewController.swift */,
				C35C57AF1B41C8C1003AA45B /* Main.storyboard */,
				C35C57B21B41C8C1003AA45B /* Images.xcassets */,
				C35C57B41B41C8C1003AA45B /* LaunchScreen.xib */,
				C35C57A91B41C8C1003AA45B /* Supporting Files */,
			);
			path = pj;
			sourceTree = "<group>";
		};
		C35C57A91B41C8C1003AA45B /* Supporting Files */ = {
			isa = PBXGroup;
			children = (
				C35C57AA1B41C8C1003AA45B /* Info.plist */,
			);
			name = "Supporting Files";
			sourceTree = "<group>";
		};
		C35C57BE1B41C8C1003AA45B /* pjTests */ = {
			isa = PBXGroup;
			children = (
				C35C57C11B41C8C1003AA45B /* pjTests.swift */,
				C35C57BF1B41C8C1003AA45B /* Supporting Files */,
			);
			path = pjTests;
			sourceTree = "<group>";
		};
		C35C57BF1B41C8C1003AA45B /* Supporting Files */ = {
			isa = PBXGroup;
			children = (
				C35C57C01B41C8C1003AA45B /* Info.plist */,
			);
			name = "Supporting Files";
			sourceTree = "<group>";
		};
		C35C57D01B41E736003AA45B /* Frameworks */ = {
			isa = PBXGroup;
			children = (
				C35C57D11B41E736003AA45B /* NotificationCenter.framework */,
			);
			name = Frameworks;
			sourceTree = "<group>";
		};
		C35C57D31B41E736003AA45B /* lap widget */ = {
			isa = PBXGroup;
			children = (
				C35C57D61B41E736003AA45B /* TodayViewController.swift */,
				C35C57D81B41E736003AA45B /* MainInterface.storyboard */,
				C35C57D41B41E736003AA45B /* Supporting Files */,
			);
			path = "lap widget";
			sourceTree = "<group>";
		};
		C35C57D41B41E736003AA45B /* Supporting Files */ = {
			isa = PBXGroup;
			children = (
				C35C57D51B41E736003AA45B /* Info.plist */,
			);
			name = "Supporting Files";
			sourceTree = "<group>";
		};
/* End PBXGroup section */

/* Begin PBXNativeTarget section */
		C35C57A51B41C8C1003AA45B /* pj */ = {
			isa = PBXNativeTarget;
			buildConfigurationList = C35C57C51B41C8C1003AA45B /* Build configuration list for PBXNativeTarget "pj" */;
			buildPhases = (
				C35C57A21B41C8C1003AA45B /* Sources */,
				C35C57A31B41C8C1003AA45B /* Frameworks */,
				C35C57A41B41C8C1003AA45B /* Resources */,
				C35C57E01B41E736003AA45B /* Embed App Extensions */,
			);
			buildRules = (
			);
			dependencies = (
				C35C57DB1B41E736003AA45B /* PBXTargetDependency */,
			);
			name = pj;
			productName = pj;
			productReference = C35C57A61B41C8C1003AA45B /* pj.app */;
			productType = "com.apple.product-type.application";
		};
		C35C57BA1B41C8C1003AA45B /* pjTests */ = {
			isa = PBXNativeTarget;
			buildConfigurationList = C35C57C81B41C8C1003AA45B /* Build configuration list for PBXNativeTarget "pjTests" */;
			buildPhases = (
				C35C57B71B41C8C1003AA45B /* Sources */,
				C35C57B81B41C8C1003AA45B /* Frameworks */,
				C35C57B91B41C8C1003AA45B /* Resources */,
			);
			buildRules = (
			);
			dependencies = (
				C35C57BD1B41C8C1003AA45B /* PBXTargetDependency */,
			);
			name = pjTests;
			productName = pjTests;
			productReference = C35C57BB1B41C8C1003AA45B /* pjTests.xctest */;
			productType = "com.apple.product-type.bundle.unit-test";
		};
		C35C57CE1B41E736003AA45B /* lap widget */ = {
			isa = PBXNativeTarget;
			buildConfigurationList = C35C57DD1B41E736003AA45B /* Build configuration list for PBXNativeTarget "lap widget" */;
			buildPhases = (
				C35C57CB1B41E736003AA45B /* Sources */,
				C35C57CC1B41E736003AA45B /* Frameworks */,
				C35C57CD1B41E736003AA45B /* Resources */,
			);
			buildRules = (
			);
			dependencies = (
			);
			name = "lap widget";
			productName = "lap widget";
			productReference = C35C57CF1B41E736003AA45B /* lap widget.appex */;
			productType = "com.apple.product-type.app-extension";
		};
/* End PBXNativeTarget section */

/* Begin PBXProject section */
		C35C579E1B41C8C1003AA45B /* Project object */ = {
			isa = PBXProject;
			attributes = {
				LastSwiftUpdateCheck = 0700;
				LastUpgradeCheck = 0620;
				ORGANIZATIONNAME = "Peter Jelliffe";
				TargetAttributes = {
					C35C57A51B41C8C1003AA45B = {
						CreatedOnToolsVersion = 6.2;
						DevelopmentTeam = 3E6BQ2LVL2;
					};
					C35C57BA1B41C8C1003AA45B = {
						CreatedOnToolsVersion = 6.2;
						TestTargetID = C35C57A51B41C8C1003AA45B;
					};
					C35C57CE1B41E736003AA45B = {
						CreatedOnToolsVersion = 6.2;
					};
				};
			};
			buildConfigurationList = C35C57A11B41C8C1003AA45B /* Build configuration list for PBXProject "pj" */;
			compatibilityVersion = "Xcode 3.2";
			developmentRegion = English;
			hasScannedForEncodings = 0;
			knownRegions = (
				en,
				Base,
			);
			mainGroup = C35C579D1B41C8C1003AA45B;
			productRefGroup = C35C57A71B41C8C1003AA45B /* Products */;
			projectDirPath = "";
			projectRoot = "";
			targets = (
				C35C57A51B41C8C1003AA45B /* pj */,
				C35C57BA1B41C8C1003AA45B /* pjTests */,
				C35C57CE1B41E736003AA45B /* lap widget */,
			);
		};
/* End PBXProject section */

/* Begin PBXResourcesBuildPhase section */
		C35C57A41B41C8C1003AA45B /* Resources */ = {
			isa = PBXResourcesBuildPhase;
			buildActionMask = 2147483647;
			files = (
				C35C57B11B41C8C1003AA45B /* Main.storyboard in Resources */,
				C35C57B61B41C8C1003AA45B /* LaunchScreen.xib in Resources */,
				C35C57B31B41C8C1003AA45B /* Images.xcassets in Resources */,
			);
			runOnlyForDeploymentPostprocessing = 0;
		};
		C35C57B91B41C8C1003AA45B /* Resources */ = {
			isa = PBXResourcesBuildPhase;
			buildActionMask = 2147483647;
			files = (
			);
			runOnlyForDeploymentPostprocessing = 0;
		};
		C35C57CD1B41E736003AA45B /* Resources */ = {
			isa = PBXResourcesBuildPhase;
			buildActionMask = 2147483647;
			files = (
				C35C57D91B41E736003AA45B /* MainInterface.storyboard in Resources */,
			);
			runOnlyForDeploymentPostprocessing = 0;
		};
/* End PBXResourcesBuildPhase section */

/* Begin PBXSourcesBuildPhase section */
		C35C57A21B41C8C1003AA45B /* Sources */ = {
			isa = PBXSourcesBuildPhase;
			buildActionMask = 2147483647;
			files = (
				C35C57AE1B41C8C1003AA45B /* ViewController.swift in Sources */,
				C35C57AC1B41C8C1003AA45B /* AppDelegate.swift in Sources */,
			);
			runOnlyForDeploymentPostprocessing = 0;
		};
		C35C57B71B41C8C1003AA45B /* Sources */ = {
			isa = PBXSourcesBuildPhase;
			buildActionMask = 2147483647;
			files = (
				C35C57C21B41C8C1003AA45B /* pjTests.swift in Sources */,
			);
			runOnlyForDeploymentPostprocessing = 0;
		};
		C35C57CB1B41E736003AA45B /* Sources */ = {
			isa = PBXSourcesBuildPhase;
			buildActionMask = 2147483647;
			files = (
				C35C57D71B41E736003AA45B /* TodayViewController.swift in Sources */,
			);
			runOnlyForDeploymentPostprocessing = 0;
		};
/* End PBXSourcesBuildPhase section */

/* Begin PBXTargetDependency section */
		C35C57BD1B41C8C1003AA45B /* PBXTargetDependency */ = {
			isa = PBXTargetDependency;
			target = C35C57A51B41C8C1003AA45B /* pj */;
			targetProxy = C35C57BC1B41C8C1003AA45B /* PBXContainerItemProxy */;
		};
		C35C57DB1B41E736003AA45B /* PBXTargetDependency */ = {
			isa = PBXTargetDependency;
			target = C35C57CE1B41E736003AA45B /* lap widget */;
			targetProxy = C35C57DA1B41E736003AA45B /* PBXContainerItemProxy */;
		};
/* End PBXTargetDependency section */

/* Begin PBXVariantGroup section */
		C35C57AF1B41C8C1003AA45B /* Main.storyboard */ = {
			isa = PBXVariantGroup;
			children = (
				C35C57B01B41C8C1003AA45B /* Base */,
			);
			name = Main.storyboard;
			sourceTree = "<group>";
		};
		C35C57B41B41C8C1003AA45B /* LaunchScreen.xib */ = {
			isa = PBXVariantGroup;
			children = (
				C35C57B51B41C8C1003AA45B /* Base */,
			);
			name = LaunchScreen.xib;
			sourceTree = "<group>";
		};
/* End PBXVariantGroup section */

/* Begin XCBuildConfiguration section */
		C35C57C31B41C8C1003AA45B /* Debug */ = {
			isa = XCBuildConfiguration;
			buildSettings = {
				ALWAYS_SEARCH_USER_PATHS = NO;
				CLANG_CXX_LANGUAGE_STANDARD = "gnu++0x";
				CLANG_CXX_LIBRARY = "libc++";
				CLANG_ENABLE_MODULES = YES;
				CLANG_ENABLE_OBJC_ARC = YES;
				CLANG_WARN_BOOL_CONVERSION = YES;
				CLANG_WARN_CONSTANT_CONVERSION = YES;
				CLANG_WARN_DIRECT_OBJC_ISA_USAGE = YES_ERROR;
				CLANG_WARN_EMPTY_BODY = YES;
				CLANG_WARN_ENUM_CONVERSION = YES;
				CLANG_WARN_INT_CONVERSION = YES;
				CLANG_WARN_OBJC_ROOT_CLASS = YES_ERROR;
				CLANG_WARN_UNREACHABLE_CODE = YES;
				CLANG_WARN__DUPLICATE_METHOD_MATCH = YES;
				"CODE_SIGN_IDENTITY[sdk=iphoneos*]" = "iPhone Developer";
				COPY_PHASE_STRIP = NO;
				ENABLE_STRICT_OBJC_MSGSEND = YES;
				GCC_C_LANGUAGE_STANDARD = gnu99;
				GCC_DYNAMIC_NO_PIC = NO;
				GCC_OPTIMIZATION_LEVEL = 0;
				GCC_PREPROCESSOR_DEFINITIONS = (
					"DEBUG=1",
					"$(inherited)",
				);
				GCC_SYMBOLS_PRIVATE_EXTERN = NO;
				GCC_WARN_64_TO_32_BIT_CONVERSION = YES;
				GCC_WARN_ABOUT_RETURN_TYPE = YES_ERROR;
				GCC_WARN_UNDECLARED_SELECTOR = YES;
				GCC_WARN_UNINITIALIZED_AUTOS = YES_AGGRESSIVE;
				GCC_WARN_UNUSED_FUNCTION = YES;
				GCC_WARN_UNUSED_VARIABLE = YES;
				IPHONEOS_DEPLOYMENT_TARGET = 8.2;
				MTL_ENABLE_DEBUG_INFO = YES;
				ONLY_ACTIVE_ARCH = YES;
				SDKROOT = iphoneos;
				SWIFT_OPTIMIZATION_LEVEL = "-Onone";
				TARGETED_DEVICE_FAMILY = "1,2";
			};
			name = Debug;
		};
		C35C57C41B41C8C1003AA45B /* Release */ = {
			isa = XCBuildConfiguration;
			buildSettings = {
				ALWAYS_SEARCH_USER_PATHS = NO;
				CLANG_CXX_LANGUAGE_STANDARD = "gnu++0x";
				CLANG_CXX_LIBRARY = "libc++";
				CLANG_ENABLE_MODULES = YES;
				CLANG_ENABLE_OBJC_ARC = YES;
				CLANG_WARN_BOOL_CONVERSION = YES;
				CLANG_WARN_CONSTANT_CONVERSION = YES;
				CLANG_WARN_DIRECT_OBJC_ISA_USAGE = YES_ERROR;
				CLANG_WARN_EMPTY_BODY = YES;
				CLANG_WARN_ENUM_CONVERSION = YES;
				CLANG_WARN_INT_CONVERSION = YES;
				CLANG_WARN_OBJC_ROOT_CLASS = YES_ERROR;
				CLANG_WARN_UNREACHABLE_CODE = YES;
				CLANG_WARN__DUPLICATE_METHOD_MATCH = YES;
				"CODE_SIGN_IDENTITY[sdk=iphoneos*]" = "iPhone Developer";
				COPY_PHASE_STRIP = NO;
				ENABLE_NS_ASSERTIONS = NO;
				ENABLE_STRICT_OBJC_MSGSEND = YES;
				GCC_C_LANGUAGE_STANDARD = gnu99;
				GCC_WARN_64_TO_32_BIT_CONVERSION = YES;
				GCC_WARN_ABOUT_RETURN_TYPE = YES_ERROR;
				GCC_WARN_UNDECLARED_SELECTOR = YES;
				GCC_WARN_UNINITIALIZED_AUTOS = YES_AGGRESSIVE;
				GCC_WARN_UNUSED_FUNCTION = YES;
				GCC_WARN_UNUSED_VARIABLE = YES;
				IPHONEOS_DEPLOYMENT_TARGET = 8.2;
				MTL_ENABLE_DEBUG_INFO = NO;
				SDKROOT = iphoneos;
				TARGETED_DEVICE_FAMILY = "1,2";
				VALIDATE_PRODUCT = YES;
			};
			name = Release;
		};
		C35C57C61B41C8C1003AA45B /* Debug */ = {
			isa = XCBuildConfiguration;
			buildSettings = {
				ASSETCATALOG_COMPILER_APPICON_NAME = AppIcon;
				CODE_SIGN_IDENTITY = "iPhone Developer";
				"CODE_SIGN_IDENTITY[sdk=iphoneos*]" = "iPhone Developer";
				EMBEDDED_CONTENT_CONTAINS_SWIFT = YES;
				INFOPLIST_FILE = pj/Info.plist;
				LD_RUNPATH_SEARCH_PATHS = "$(inherited) @executable_path/Frameworks";
				PRODUCT_NAME = "$(TARGET_NAME)";
				PROVISIONING_PROFILE = "";
			};
			name = Debug;
		};
		C35C57C71B41C8C1003AA45B /* Release */ = {
			isa = XCBuildConfiguration;
			buildSettings = {
				ASSETCATALOG_COMPILER_APPICON_NAME = AppIcon;
				CODE_SIGN_IDENTITY = "iPhone Developer";
				"CODE_SIGN_IDENTITY[sdk=iphoneos*]" = "iPhone Developer";
				EMBEDDED_CONTENT_CONTAINS_SWIFT = YES;
				INFOPLIST_FILE = pj/Info.plist;
				LD_RUNPATH_SEARCH_PATHS = "$(inherited) @executable_path/Frameworks";
				PRODUCT_NAME = "$(TARGET_NAME)";
				PROVISIONING_PROFILE = "";
			};
			name = Release;
		};
		C35C57C91B41C8C1003AA45B /* Debug */ = {
			isa = XCBuildConfiguration;
			buildSettings = {
				BUNDLE_LOADER = "$(TEST_HOST)";
				FRAMEWORK_SEARCH_PATHS = (
					"$(SDKROOT)/Developer/Library/Frameworks",
					"$(inherited)",
				);
				GCC_PREPROCESSOR_DEFINITIONS = (
					"DEBUG=1",
					"$(inherited)",
				);
				INFOPLIST_FILE = pjTests/Info.plist;
				LD_RUNPATH_SEARCH_PATHS = "$(inherited) @executable_path/Frameworks @loader_path/Frameworks";
				PRODUCT_NAME = "$(TARGET_NAME)";
				TEST_HOST = "$(BUILT_PRODUCTS_DIR)/pj.app/pj";
			};
			name = Debug;
		};
		C35C57CA1B41C8C1003AA45B /* Release */ = {
			isa = XCBuildConfiguration;
			buildSettings = {
				BUNDLE_LOADER = "$(TEST_HOST)";
				FRAMEWORK_SEARCH_PATHS = (
					"$(SDKROOT)/Developer/Library/Frameworks",
					"$(inherited)",
				);
				INFOPLIST_FILE = pjTests/Info.plist;
				LD_RUNPATH_SEARCH_PATHS = "$(inherited) @executable_path/Frameworks @loader_path/Frameworks";
				PRODUCT_NAME = "$(TARGET_NAME)";
				TEST_HOST = "$(BUILT_PRODUCTS_DIR)/pj.app/pj";
			};
			name = Release;
		};
		C35C57DE1B41E736003AA45B /* Debug */ = {
			isa = XCBuildConfiguration;
			buildSettings = {
				GCC_PREPROCESSOR_DEFINITIONS = (
					"DEBUG=1",
					"$(inherited)",
				);
				INFOPLIST_FILE = "lap widget/Info.plist";
				LD_RUNPATH_SEARCH_PATHS = "$(inherited) @executable_path/Frameworks @executable_path/../../Frameworks";
				PRODUCT_NAME = "$(TARGET_NAME)";
				SKIP_INSTALL = YES;
			};
			name = Debug;
		};
		C35C57DF1B41E736003AA45B /* Release */ = {
			isa = XCBuildConfiguration;
			buildSettings = {
				INFOPLIST_FILE = "lap widget/Info.plist";
				LD_RUNPATH_SEARCH_PATHS = "$(inherited) @executable_path/Frameworks @executable_path/../../Frameworks";
				PRODUCT_NAME = "$(TARGET_NAME)";
				SKIP_INSTALL = YES;
			};
			name = Release;
		};
/* End XCBuildConfiguration section */

/* Begin XCConfigurationList section */
		C35C57A11B41C8C1003AA45B /* Build configuration list for PBXProject "pj" */ = {
			isa = XCConfigurationList;
			buildConfigurations = (
				C35C57C31B41C8C1003AA45B /* Debug */,
				C35C57C41B41C8C1003AA45B /* Release */,
			);
			defaultConfigurationIsVisible = 0;
			defaultConfigurationName = Release;
		};
		C35C57C51B41C8C1003AA45B /* Build configuration list for PBXNativeTarget "pj" */ = {
			isa = XCConfigurationList;
			buildConfigurations = (
				C35C57C61B41C8C1003AA45B /* Debug */,
				C35C57C71B41C8C1003AA45B /* Release */,
			);
			defaultConfigurationIsVisible = 0;
			defaultConfigurationName = Release;
		};
		C35C57C81B41C8C1003AA45B /* Build configuration list for PBXNativeTarget "pjTests" */ = {
			isa = XCConfigurationList;
			buildConfigurations = (
				C35C57C91B41C8C1003AA45B /* Debug */,
				C35C57CA1B41C8C1003AA45B /* Release */,
			);
			defaultConfigurationIsVisible = 0;
			defaultConfigurationName = Release;
		};
		C35C57DD1B41E736003AA45B /* Build configuration list for PBXNativeTarget "lap widget" */ = {
			isa = XCConfigurationList;
			buildConfigurations = (
				C35C57DE1B41E736003AA45B /* Debug */,
				C35C57DF1B41E736003AA45B /* Release */,
			);
			defaultConfigurationIsVisible = 0;
			defaultConfigurationName = Release;
		};
/* End XCConfigurationList section */
	};
	rootObject = C35C579E1B41C8C1003AA45B /* Project object */;
}
